
Microsoft Visual Studio Solution File, Format Version 12.00
# Visual Studio Version 16
VisualStudioVersion = 16.0.30523.141
MinimumVisualStudioVersion = 10.0.40219.1
Project("{00D1A9C2-B5F0-4AF3-8072-F6C62B433612}") = "Database", "Database\Database.sqlproj", "{8F9D4EE1-0257-4689-90BE-C86CA60DAC7C}"
EndProject
Global
	GlobalSection(SolutionConfigurationPlatforms) = preSolution
		apsdf|Any CPU = apsdf|Any CPU
		Debug|Any CPU = Debug|Any CPU
		Release|Any CPU = Release|Any CPU
	EndGlobalSection
	GlobalSection(ProjectConfigurationPlatforms) = postSolution
		{8F9D4EE1-0257-4689-90BE-C86CA60DAC7C}.apsdf|Any CPU.ActiveCfg = apsdf|Any CPU
		{8F9D4EE1-0257-4689-90BE-C86CA60DAC7C}.apsdf|Any CPU.Build.0 = apsdf|Any CPU
		{8F9D4EE1-0257-4689-90BE-C86CA60DAC7C}.apsdf|Any CPU.Deploy.0 = apsdf|Any CPU
		{8F9D4EE1-0257-4689-90BE-C86CA60DAC7C}.Debug|Any CPU.ActiveCfg = Debug|Any CPU
		{8F9D4EE1-0257-4689-90BE-C86CA60DAC7C}.Debug|Any CPU.Build.0 = Debug|Any CPU
		{8F9D4EE1-0257-4689-90BE-C86CA60DAC7C}.Debug|Any CPU.Deploy.0 = Debug|Any CPU
		{8F9D4EE1-0257-4689-90BE-C86CA60DAC7C}.Release|Any CPU.ActiveCfg = Release|Any CPU
		{8F9D4EE1-0257-4689-90BE-C86CA60DAC7C}.Release|Any CPU.Build.0 = Release|Any CPU
		{8F9D4EE1-0257-4689-90BE-C86CA60DAC7C}.Release|Any CPU.Deploy.0 = Release|Any CPU
	EndGlobalSection
	GlobalSection(SolutionProperties) = preSolution
		HideSolutionNode = FALSE
	EndGlobalSection
	GlobalSection(ExtensibilityGlobals) = postSolution
		SolutionGuid = {B956E014-E674-49EF-A087-0B646639C3F3}
	EndGlobalSection
EndGlobal
